{
  "name": "frontend",
  "lockfileVersion": 3,
  "requires": true,
  "packages": {
    "": {
      "dependencies": {
        "@angular/animations": "^20.1.4",
        "@angular/cdk": "^20.1.4",
        "@angular/material": "^20.1.4"
      }
    },
    "node_modules/@angular/animations": {
      "version": "20.1.4",
      "resolved": "https://registry.npmjs.org/@angular/animations/-/animations-20.1.4.tgz",
      "integrity": "sha512-y4mq2r6jhAj5QuA3UnWkVfok0EcA22uH+XVb4HBKY7q23/xaQYu2CGdVOVpdUsaPTf3zRD1DkAnTkV3J3ZHIiA==",
      "license": "MIT",
      "dependencies": {
        "tslib": "^2.3.0"
      },
      "engines": {
        "node": "^20.19.0 || ^22.12.0 || >=24.0.0"
      },
      "peerDependencies": {
        "@angular/common": "20.1.4",
        "@angular/core": "20.1.4"
      }
    },
    "node_modules/@angular/cdk": {
      "version": "20.1.4",
      "resolved": "https://registry.npmjs.org/@angular/cdk/-/cdk-20.1.4.tgz",
      "integrity": "sha512-Uz0fLZRWpKG7xniXSw3Hr4QEvTlVurov07BBz6nRWseGxeHCDkFqKc3UEriovCQ7ylJdR6miIu7j+h4PWLH48g==",
      "license": "MIT",
      "dependencies": {
        "parse5": "^8.0.0",
        "tslib": "^2.3.0"
      },
      "peerDependencies": {
        "@angular/common": "^20.0.0 || ^21.0.0",
        "@angular/core": "^20.0.0 || ^21.0.0",
        "rxjs": "^6.5.3 || ^7.4.0"
      }
    },
    "node_modules/@angular/common": {
      "version": "20.1.4",
      "resolved": "https://registry.npmjs.org/@angular/common/-/common-20.1.4.tgz",
      "integrity": "sha512-AL+HdsY5xL2iM1zZ55ce33U+w2LgPJZQwKvHXJJ/Hpk3rpFNamWtRPmJBeq8Z0dQV1lLTMM+2pUatH6p+5pvEg==",
      "license": "MIT",
      "peer": true,
      "dependencies": {
        "tslib": "^2.3.0"
      },
      "engines": {
        "node": "^20.19.0 || ^22.12.0 || >=24.0.0"
      },
      "peerDependencies": {
        "@angular/core": "20.1.4",
        "rxjs": "^6.5.3 || ^7.4.0"
      }
    },
    "node_modules/@angular/core": {
      "version": "20.1.4",
      "resolved": "https://registry.npmjs.org/@angular/core/-/core-20.1.4.tgz",
      "integrity": "sha512-aWDux64a9usuVU2SnF0epqjXAj8JO8jViUzZAJAuFKSCtkeNzqP+Z6DjkqsCKrNvGP7xkX1XhhepUygxgh7/6A==",
      "license": "MIT",
      "peer": true,
      "dependencies": {
        "tslib": "^2.3.0"
      },
      "engines": {
        "node": "^20.19.0 || ^22.12.0 || >=24.0.0"
      },
      "peerDependencies": {
        "@angular/compiler": "20.1.4",
        "rxjs": "^6.5.3 || ^7.4.0",
        "zone.js": "~0.15.0"
      },
      "peerDependenciesMeta": {
        "@angular/compiler": {
          "optional": true
        },
        "zone.js": {
          "optional": true
        }
      }
    },
    "node_modules/@angular/forms": {
      "version": "20.1.4",
      "resolved": "https://registry.npmjs.org/@angular/forms/-/forms-20.1.4.tgz",
      "integrity": "sha512-5gUwcV+JpzJ2rSPo1nR6iNz2Dm3iRcVCvRTsVnKhFbZCIbGLihLpoCuittsgUY/C9wh/rnmXlatmLJ7giSuUZA==",
      "license": "MIT",
      "peer": true,
      "dependencies": {
        "tslib": "^2.3.0"
      },
      "engines": {
        "node": "^20.19.0 || ^22.12.0 || >=24.0.0"
      },
      "peerDependencies": {
        "@angular/common": "20.1.4",
        "@angular/core": "20.1.4",
        "@angular/platform-browser": "20.1.4",
        "rxjs": "^6.5.3 || ^7.4.0"
      }
    },
    "node_modules/@angular/material": {
      "version": "20.1.4",
      "resolved": "https://registry.npmjs.org/@angular/material/-/material-20.1.4.tgz",
      "integrity": "sha512-V+EyzKwgqzUIAwXpr8chSMN0nKw+FEs5A/WgC2+CuW7T/FCFp6BW7Am2H51gR8onlqjLpduxyx8HLTifQ0hS6A==",
      "license": "MIT",
      "dependencies": {
        "tslib": "^2.3.0"
      },
      "peerDependencies": {
        "@angular/cdk": "20.1.4",
        "@angular/common": "^20.0.0 || ^21.0.0",
        "@angular/core": "^20.0.0 || ^21.0.0",
        "@angular/forms": "^20.0.0 || ^21.0.0",
        "@angular/platform-browser": "^20.0.0 || ^21.0.0",
        "rxjs": "^6.5.3 || ^7.4.0"
      }
    },
    "node_modules/@angular/platform-browser": {
      "version": "20.1.4",
      "resolved": "https://registry.npmjs.org/@angular/platform-browser/-/platform-browser-20.1.4.tgz",
      "integrity": "sha512-z86NsGSwm5pXCACdWBbp7SC1Xn+UGvuoRqTsi0dNUXT/3WrP6MvZT3TfNKwM63GLUqFAICSt7uFXS84D72ukvA==",
      "license": "MIT",
      "peer": true,
      "dependencies": {
        "tslib": "^2.3.0"
      },
      "engines": {
        "node": "^20.19.0 || ^22.12.0 || >=24.0.0"
      },
      "peerDependencies": {
        "@angular/animations": "20.1.4",
        "@angular/common": "20.1.4",
        "@angular/core": "20.1.4"
      },
      "peerDependenciesMeta": {
        "@angular/animations": {
          "optional": true
        }
      }
    },
    "node_modules/entities": {
      "version": "6.0.1",
      "resolved": "https://registry.npmjs.org/entities/-/entities-6.0.1.tgz",
      "integrity": "sha512-aN97NXWF6AWBTahfVOIrB/NShkzi5H7F9r1s9mD3cDj4Ko5f2qhhVoYMibXF7GlLveb/D2ioWay8lxI97Ven3g==",
      "license": "BSD-2-Clause",
      "engines": {
        "node": ">=0.12"
      },
      "funding": {
        "url": "https://github.com/fb55/entities?sponsor=1"
      }
    },
    "node_modules/parse5": {
      "version": "8.0.0",
      "resolved": "https://registry.npmjs.org/parse5/-/parse5-8.0.0.tgz",
      "integrity": "sha512-9m4m5GSgXjL4AjumKzq1Fgfp3Z8rsvjRNbnkVwfu2ImRqE5D0LnY2QfDen18FSY9C573YU5XxSapdHZTZ2WolA==",
      "license": "MIT",
      "dependencies": {
        "entities": "^6.0.0"
      },
      "funding": {
        "url": "https://github.com/inikulin/parse5?sponsor=1"
      }
    },
    "node_modules/rxjs": {
      "version": "7.8.2",
      "resolved": "https://registry.npmjs.org/rxjs/-/rxjs-7.8.2.tgz",
      "integrity": "sha512-dhKf903U/PQZY6boNNtAGdWbG85WAbjT/1xYoZIC7FAY0yWapOBQVsVrDl58W86//e1VpMNBtRV4MaXfdMySFA==",
      "license": "Apache-2.0",
      "peer": true,
      "dependencies": {
        "tslib": "^2.1.0"
      }
    },
    "node_modules/tslib": {
      "version": "2.8.1",
      "resolved": "https://registry.npmjs.org/tslib/-/tslib-2.8.1.tgz",
      "integrity": "sha512-oJFu94HQb+KVduSUQL7wnpmqnfmLsOA/nAh6b6EH0wCEoK0/mPeXU6c3wKDV83MkOuHPRHtSXKKU99IBazS/2w==",
      "license": "0BSD"
    }
  }
}
